Microsoft Visual Studio Solution File, Format Version 12.00
# Visual Studio Version 17
VisualStudioVersion = 17.5.2.0
MinimumVisualStudioVersion = 10.0.40219.1
Project("{FAE04EC0-301F-11D3-BF4B-00C04F79EFBC}") = "Saori", "Saori.csproj", "{102FF7FB-2E77-B890-493A-CE1404B00308}"
EndProject
Global
	GlobalSection(SolutionConfigurationPlatforms) = preSolution
		Debug|Any CPU = Debug|Any CPU
		Release|Any CPU = Release|Any CPU
	EndGlobalSection
	GlobalSection(ProjectConfigurationPlatforms) = postSolution
		{102FF7FB-2E77-B890-493A-CE1404B00308}.Debug|Any CPU.ActiveCfg = Debug|Any CPU
		{102FF7FB-2E77-B890-493A-CE1404B00308}.Debug|Any CPU.Build.0 = Debug|Any CPU
		{102FF7FB-2E77-B890-493A-CE1404B00308}.Release|Any CPU.ActiveCfg = Release|Any CPU
		{102FF7FB-2E77-B890-493A-CE1404B00308}.Release|Any CPU.Build.0 = Release|Any CPU
	EndGlobalSection
	GlobalSection(SolutionProperties) = preSolution
		HideSolutionNode = FALSE
	EndGlobalSection
	GlobalSection(ExtensibilityGlobals) = postSolution
		SolutionGuid = {DFA04293-09B8-4909-9551-7DE0720775DF}
	EndGlobalSection
EndGlobal
